// !$*UTF8*$!
{
	archiveVersion = 1;
	classes = {
	};
	objectVersion = 56;
	objects = {

/* Begin PBXBuildFile section */
		DD989D252ADAFD4800B395DC /* AppetizersApp.swift in Sources */ = {isa = PBXBuildFile; fileRef = DD989D242ADAFD4800B395DC /* AppetizersApp.swift */; };
		DD989D272ADAFD4800B395DC /* AppetizerTabView.swift in Sources */ = {isa = PBXBuildFile; fileRef = DD989D262ADAFD4800B395DC /* AppetizerTabView.swift */; };
		DD989D292ADAFD4A00B395DC /* Assets.xcassets in Resources */ = {isa = PBXBuildFile; fileRef = DD989D282ADAFD4A00B395DC /* Assets.xcassets */; };
		DD989D2D2ADAFD4A00B395DC /* Preview Assets.xcassets in Resources */ = {isa = PBXBuildFile; fileRef = DD989D2C2ADAFD4A00B395DC /* Preview Assets.xcassets */; };
		DD989D372ADAFD4B00B395DC /* AppetizersTests.swift in Sources */ = {isa = PBXBuildFile; fileRef = DD989D362ADAFD4B00B395DC /* AppetizersTests.swift */; };
		DD989D412ADAFD4B00B395DC /* AppetizersUITests.swift in Sources */ = {isa = PBXBuildFile; fileRef = DD989D402ADAFD4B00B395DC /* AppetizersUITests.swift */; };
		DD989D432ADAFD4B00B395DC /* AppetizersUITestsLaunchTests.swift in Sources */ = {isa = PBXBuildFile; fileRef = DD989D422ADAFD4B00B395DC /* AppetizersUITestsLaunchTests.swift */; };
		DD989D502ADAFDE600B395DC /* AppetizerListView.swift in Sources */ = {isa = PBXBuildFile; fileRef = DD989D4F2ADAFDE600B395DC /* AppetizerListView.swift */; };
		DD989D522ADAFDFB00B395DC /* AccountView.swift in Sources */ = {isa = PBXBuildFile; fileRef = DD989D512ADAFDFB00B395DC /* AccountView.swift */; };
		DD989D542ADAFE0600B395DC /* OrderView.swift in Sources */ = {isa = PBXBuildFile; fileRef = DD989D532ADAFE0600B395DC /* OrderView.swift */; };
		DD989D562ADB0D7000B395DC /* Appetizer.swift in Sources */ = {isa = PBXBuildFile; fileRef = DD989D552ADB0D7000B395DC /* Appetizer.swift */; };
		DD989D582ADE339300B395DC /* AppetizerListCell.swift in Sources */ = {isa = PBXBuildFile; fileRef = DD989D572ADE339300B395DC /* AppetizerListCell.swift */; };
		DD989D5A2ADE399900B395DC /* AppetizerDetailView.swift in Sources */ = {isa = PBXBuildFile; fileRef = DD989D592ADE399900B395DC /* AppetizerDetailView.swift */; };
/* End PBXBuildFile section */

/* Begin PBXContainerItemProxy section */
		DD989D332ADAFD4B00B395DC /* PBXContainerItemProxy */ = {
			isa = PBXContainerItemProxy;
			containerPortal = DD989D192ADAFD4800B395DC /* Project object */;
			proxyType = 1;
			remoteGlobalIDString = DD989D202ADAFD4800B395DC;
			remoteInfo = Appetizers;
		};
		DD989D3D2ADAFD4B00B395DC /* PBXContainerItemProxy */ = {
			isa = PBXContainerItemProxy;
			containerPortal = DD989D192ADAFD4800B395DC /* Project object */;
			proxyType = 1;
			remoteGlobalIDString = DD989D202ADAFD4800B395DC;
			remoteInfo = Appetizers;
		};
/* End PBXContainerItemProxy section */

/* Begin PBXFileReference section */
		DD989D212ADAFD4800B395DC /* Appetizers.app */ = {isa = PBXFileReference; explicitFileType = wrapper.application; includeInIndex = 0; path = Appetizers.app; sourceTree = BUILT_PRODUCTS_DIR; };
		DD989D242ADAFD4800B395DC /* AppetizersApp.swift */ = {isa = PBXFileReference; lastKnownFileType = sourcecode.swift; path = AppetizersApp.swift; sourceTree = "<group>"; };
		DD989D262ADAFD4800B395DC /* AppetizerTabView.swift */ = {isa = PBXFileReference; lastKnownFileType = sourcecode.swift; path = AppetizerTabView.swift; sourceTree = "<group>"; };
		DD989D282ADAFD4A00B395DC /* Assets.xcassets */ = {isa = PBXFileReference; lastKnownFileType = folder.assetcatalog; path = Assets.xcassets; sourceTree = "<group>"; };
		DD989D2A2ADAFD4A00B395DC /* Appetizers.entitlements */ = {isa = PBXFileReference; lastKnownFileType = text.plist.entitlements; path = Appetizers.entitlements; sourceTree = "<group>"; };
		DD989D2C2ADAFD4A00B395DC /* Preview Assets.xcassets */ = {isa = PBXFileReference; lastKnownFileType = folder.assetcatalog; path = "Preview Assets.xcassets"; sourceTree = "<group>"; };
		DD989D322ADAFD4B00B395DC /* AppetizersTests.xctest */ = {isa = PBXFileReference; explicitFileType = wrapper.cfbundle; includeInIndex = 0; path = AppetizersTests.xctest; sourceTree = BUILT_PRODUCTS_DIR; };
		DD989D362ADAFD4B00B395DC /* AppetizersTests.swift */ = {isa = PBXFileReference; lastKnownFileType = sourcecode.swift; path = AppetizersTests.swift; sourceTree = "<group>"; };
		DD989D3C2ADAFD4B00B395DC /* AppetizersUITests.xctest */ = {isa = PBXFileReference; explicitFileType = wrapper.cfbundle; includeInIndex = 0; path = AppetizersUITests.xctest; sourceTree = BUILT_PRODUCTS_DIR; };
		DD989D402ADAFD4B00B395DC /* AppetizersUITests.swift */ = {isa = PBXFileReference; lastKnownFileType = sourcecode.swift; path = AppetizersUITests.swift; sourceTree = "<group>"; };
		DD989D422ADAFD4B00B395DC /* AppetizersUITestsLaunchTests.swift */ = {isa = PBXFileReference; lastKnownFileType = sourcecode.swift; path = AppetizersUITestsLaunchTests.swift; sourceTree = "<group>"; };
		DD989D4F2ADAFDE600B395DC /* AppetizerListView.swift */ = {isa = PBXFileReference; lastKnownFileType = sourcecode.swift; path = AppetizerListView.swift; sourceTree = "<group>"; };
		DD989D512ADAFDFB00B395DC /* AccountView.swift */ = {isa = PBXFileReference; lastKnownFileType = sourcecode.swift; path = AccountView.swift; sourceTree = "<group>"; };
		DD989D532ADAFE0600B395DC /* OrderView.swift */ = {isa = PBXFileReference; lastKnownFileType = sourcecode.swift; path = OrderView.swift; sourceTree = "<group>"; };
		DD989D552ADB0D7000B395DC /* Appetizer.swift */ = {isa = PBXFileReference; lastKnownFileType = sourcecode.swift; path = Appetizer.swift; sourceTree = "<group>"; };
		DD989D572ADE339300B395DC /* AppetizerListCell.swift */ = {isa = PBXFileReference; lastKnownFileType = sourcecode.swift; path = AppetizerListCell.swift; sourceTree = "<group>"; };
		DD989D592ADE399900B395DC /* AppetizerDetailView.swift */ = {isa = PBXFileReference; lastKnownFileType = sourcecode.swift; path = AppetizerDetailView.swift; sourceTree = "<group>"; };
/* End PBXFileReference section */

/* Begin PBXFrameworksBuildPhase section */
		DD989D1E2ADAFD4800B395DC /* Frameworks */ = {
			isa = PBXFrameworksBuildPhase;
			buildActionMask = 2147483647;
			files = (
			);
			runOnlyForDeploymentPostprocessing = 0;
		};
		DD989D2F2ADAFD4B00B395DC /* Frameworks */ = {
			isa = PBXFrameworksBuildPhase;
			buildActionMask = 2147483647;
			files = (
			);
			runOnlyForDeploymentPostprocessing = 0;
		};
		DD989D392ADAFD4B00B395DC /* Frameworks */ = {
			isa = PBXFrameworksBuildPhase;
			buildActionMask = 2147483647;
			files = (
			);
			runOnlyForDeploymentPostprocessing = 0;
		};
/* End PBXFrameworksBuildPhase section */

/* Begin PBXGroup section */
		DD989D182ADAFD4800B395DC = {
			isa = PBXGroup;
			children = (
				DD989D232ADAFD4800B395DC /* Appetizers */,
				DD989D352ADAFD4B00B395DC /* AppetizersTests */,
				DD989D3F2ADAFD4B00B395DC /* AppetizersUITests */,
				DD989D222ADAFD4800B395DC /* Products */,
			);
			sourceTree = "<group>";
		};
		DD989D222ADAFD4800B395DC /* Products */ = {
			isa = PBXGroup;
			children = (
				DD989D212ADAFD4800B395DC /* Appetizers.app */,
				DD989D322ADAFD4B00B395DC /* AppetizersTests.xctest */,
				DD989D3C2ADAFD4B00B395DC /* AppetizersUITests.xctest */,
			);
			name = Products;
			sourceTree = "<group>";
		};
		DD989D232ADAFD4800B395DC /* Appetizers */ = {
			isa = PBXGroup;
			children = (
				DD989D242ADAFD4800B395DC /* AppetizersApp.swift */,
				DD989D262ADAFD4800B395DC /* AppetizerTabView.swift */,
				DD989D552ADB0D7000B395DC /* Appetizer.swift */,
				DD989D4F2ADAFDE600B395DC /* AppetizerListView.swift */,
				DD989D592ADE399900B395DC /* AppetizerDetailView.swift */,
				DD989D512ADAFDFB00B395DC /* AccountView.swift */,
				DD989D532ADAFE0600B395DC /* OrderView.swift */,
				DD989D282ADAFD4A00B395DC /* Assets.xcassets */,
				DD989D2A2ADAFD4A00B395DC /* Appetizers.entitlements */,
				DD989D2B2ADAFD4A00B395DC /* Preview Content */,
				DD989D572ADE339300B395DC /* AppetizerListCell.swift */,
			);
			path = Appetizers;
			sourceTree = "<group>";
		};
		DD989D2B2ADAFD4A00B395DC /* Preview Content */ = {
			isa = PBXGroup;
			children = (
				DD989D2C2ADAFD4A00B395DC /* Preview Assets.xcassets */,
			);
			path = "Preview Content";
			sourceTree = "<group>";
		};
		DD989D352ADAFD4B00B395DC /* AppetizersTests */ = {
			isa = PBXGroup;
			children = (
				DD989D362ADAFD4B00B395DC /* AppetizersTests.swift */,
			);
			path = AppetizersTests;
			sourceTree = "<group>";
		};
		DD989D3F2ADAFD4B00B395DC /* AppetizersUITests */ = {
			isa = PBXGroup;
			children = (
				DD989D402ADAFD4B00B395DC /* AppetizersUITests.swift */,
				DD989D422ADAFD4B00B395DC /* AppetizersUITestsLaunchTests.swift */,
			);
			path = AppetizersUITests;
			sourceTree = "<group>";
		};
/* End PBXGroup section */

/* Begin PBXNativeTarget section */
		DD989D202ADAFD4800B395DC /* Appetizers */ = {
			isa = PBXNativeTarget;
			buildConfigurationList = DD989D462ADAFD4B00B395DC /* Build configuration list for PBXNativeTarget "Appetizers" */;
			buildPhases = (
				DD989D1D2ADAFD4800B395DC /* Sources */,
				DD989D1E2ADAFD4800B395DC /* Frameworks */,
				DD989D1F2ADAFD4800B395DC /* Resources */,
			);
			buildRules = (
			);
			dependencies = (
			);
			name = Appetizers;
			productName = Appetizers;
			productReference = DD989D212ADAFD4800B395DC /* Appetizers.app */;
			productType = "com.apple.product-type.application";
		};
		DD989D312ADAFD4B00B395DC /* AppetizersTests */ = {
			isa = PBXNativeTarget;
			buildConfigurationList = DD989D492ADAFD4B00B395DC /* Build configuration list for PBXNativeTarget "AppetizersTests" */;
			buildPhases = (
				DD989D2E2ADAFD4B00B395DC /* Sources */,
				DD989D2F2ADAFD4B00B395DC /* Frameworks */,
				DD989D302ADAFD4B00B395DC /* Resources */,
			);
			buildRules = (
			);
			dependencies = (
				DD989D342ADAFD4B00B395DC /* PBXTargetDependency */,
			);
			name = AppetizersTests;
			productName = AppetizersTests;
			productReference = DD989D322ADAFD4B00B395DC /* AppetizersTests.xctest */;
			productType = "com.apple.product-type.bundle.unit-test";
		};
		DD989D3B2ADAFD4B00B395DC /* AppetizersUITests */ = {
			isa = PBXNativeTarget;
			buildConfigurationList = DD989D4C2ADAFD4B00B395DC /* Build configuration list for PBXNativeTarget "AppetizersUITests" */;
			buildPhases = (
				DD989D382ADAFD4B00B395DC /* Sources */,
				DD989D392ADAFD4B00B395DC /* Frameworks */,
				DD989D3A2ADAFD4B00B395DC /* Resources */,
			);
			buildRules = (
			);
			dependencies = (
				DD989D3E2ADAFD4B00B395DC /* PBXTargetDependency */,
			);
			name = AppetizersUITests;
			productName = AppetizersUITests;
			productReference = DD989D3C2ADAFD4B00B395DC /* AppetizersUITests.xctest */;
			productType = "com.apple.product-type.bundle.ui-testing";
		};
/* End PBXNativeTarget section */

/* Begin PBXProject section */
		DD989D192ADAFD4800B395DC /* Project object */ = {
			isa = PBXProject;
			attributes = {
				BuildIndependentTargetsInParallel = 1;
				LastSwiftUpdateCheck = 1430;
				LastUpgradeCheck = 1430;
				TargetAttributes = {
					DD989D202ADAFD4800B395DC = {
						CreatedOnToolsVersion = 14.3.1;
					};
					DD989D312ADAFD4B00B395DC = {
						CreatedOnToolsVersion = 14.3.1;
						TestTargetID = DD989D202ADAFD4800B395DC;
					};
					DD989D3B2ADAFD4B00B395DC = {
						CreatedOnToolsVersion = 14.3.1;
						TestTargetID = DD989D202ADAFD4800B395DC;
					};
				};
			};
			buildConfigurationList = DD989D1C2ADAFD4800B395DC /* Build configuration list for PBXProject "Appetizers" */;
			compatibilityVersion = "Xcode 14.0";
			developmentRegion = en;
			hasScannedForEncodings = 0;
			knownRegions = (
				en,
				Base,
			);
			mainGroup = DD989D182ADAFD4800B395DC;
			productRefGroup = DD989D222ADAFD4800B395DC /* Products */;
			projectDirPath = "";
			projectRoot = "";
			targets = (
				DD989D202ADAFD4800B395DC /* Appetizers */,
				DD989D312ADAFD4B00B395DC /* AppetizersTests */,
				DD989D3B2ADAFD4B00B395DC /* AppetizersUITests */,
			);
		};
/* End PBXProject section */

/* Begin PBXResourcesBuildPhase section */
		DD989D1F2ADAFD4800B395DC /* Resources */ = {
			isa = PBXResourcesBuildPhase;
			buildActionMask = 2147483647;
			files = (
				DD989D2D2ADAFD4A00B395DC /* Preview Assets.xcassets in Resources */,
				DD989D292ADAFD4A00B395DC /* Assets.xcassets in Resources */,
			);
			runOnlyForDeploymentPostprocessing = 0;
		};
		DD989D302ADAFD4B00B395DC /* Resources */ = {
			isa = PBXResourcesBuildPhase;
			buildActionMask = 2147483647;
			files = (
			);
			runOnlyForDeploymentPostprocessing = 0;
		};
		DD989D3A2ADAFD4B00B395DC /* Resources */ = {
			isa = PBXResourcesBuildPhase;
			buildActionMask = 2147483647;
			files = (
			);
			runOnlyForDeploymentPostprocessing = 0;
		};
/* End PBXResourcesBuildPhase section */

/* Begin PBXSourcesBuildPhase section */
		DD989D1D2ADAFD4800B395DC /* Sources */ = {
			isa = PBXSourcesBuildPhase;
			buildActionMask = 2147483647;
			files = (
				DD989D562ADB0D7000B395DC /* Appetizer.swift in Sources */,
				DD989D582ADE339300B395DC /* AppetizerListCell.swift in Sources */,
				DD989D522ADAFDFB00B395DC /* AccountView.swift in Sources */,
				DD989D272ADAFD4800B395DC /* AppetizerTabView.swift in Sources */,
				DD989D252ADAFD4800B395DC /* AppetizersApp.swift in Sources */,
				DD989D502ADAFDE600B395DC /* AppetizerListView.swift in Sources */,
				DD989D5A2ADE399900B395DC /* AppetizerDetailView.swift in Sources */,
				DD989D542ADAFE0600B395DC /* OrderView.swift in Sources */,
			);
			runOnlyForDeploymentPostprocessing = 0;
		};
		DD989D2E2ADAFD4B00B395DC /* Sources */ = {
			isa = PBXSourcesBuildPhase;
			buildActionMask = 2147483647;
			files = (
				DD989D372ADAFD4B00B395DC /* AppetizersTests.swift in Sources */,
			);
			runOnlyForDeploymentPostprocessing = 0;
		};
		DD989D382ADAFD4B00B395DC /* Sources */ = {
			isa = PBXSourcesBuildPhase;
			buildActionMask = 2147483647;
			files = (
				DD989D412ADAFD4B00B395DC /* AppetizersUITests.swift in Sources */,
				DD989D432ADAFD4B00B395DC /* AppetizersUITestsLaunchTests.swift in Sources */,
			);
			runOnlyForDeploymentPostprocessing = 0;
		};
/* End PBXSourcesBuildPhase section */

/* Begin PBXTargetDependency section */
		DD989D342ADAFD4B00B395DC /* PBXTargetDependency */ = {
			isa = PBXTargetDependency;
			target = DD989D202ADAFD4800B395DC /* Appetizers */;
			targetProxy = DD989D332ADAFD4B00B395DC /* PBXContainerItemProxy */;
		};
		DD989D3E2ADAFD4B00B395DC /* PBXTargetDependency */ = {
			isa = PBXTargetDependency;
			target = DD989D202ADAFD4800B395DC /* Appetizers */;
			targetProxy = DD989D3D2ADAFD4B00B395DC /* PBXContainerItemProxy */;
		};
/* End PBXTargetDependency section */

/* Begin XCBuildConfiguration section */
		DD989D442ADAFD4B00B395DC /* Debug */ = {
			isa = XCBuildConfiguration;
			buildSettings = {
				ALWAYS_SEARCH_USER_PATHS = NO;
				CLANG_ANALYZER_NONNULL = YES;
				CLANG_ANALYZER_NUMBER_OBJECT_CONVERSION = YES_AGGRESSIVE;
				CLANG_CXX_LANGUAGE_STANDARD = "gnu++20";
				CLANG_ENABLE_MODULES = YES;
				CLANG_ENABLE_OBJC_ARC = YES;
				CLANG_ENABLE_OBJC_WEAK = YES;
				CLANG_WARN_BLOCK_CAPTURE_AUTORELEASING = YES;
				CLANG_WARN_BOOL_CONVERSION = YES;
				CLANG_WARN_COMMA = YES;
				CLANG_WARN_CONSTANT_CONVERSION = YES;
				CLANG_WARN_DEPRECATED_OBJC_IMPLEMENTATIONS = YES;
				CLANG_WARN_DIRECT_OBJC_ISA_USAGE = YES_ERROR;
				CLANG_WARN_DOCUMENTATION_COMMENTS = YES;
				CLANG_WARN_EMPTY_BODY = YES;
				CLANG_WARN_ENUM_CONVERSION = YES;
				CLANG_WARN_INFINITE_RECURSION = YES;
				CLANG_WARN_INT_CONVERSION = YES;
				CLANG_WARN_NON_LITERAL_NULL_CONVERSION = YES;
				CLANG_WARN_OBJC_IMPLICIT_RETAIN_SELF = YES;
				CLANG_WARN_OBJC_LITERAL_CONVERSION = YES;
				CLANG_WARN_OBJC_ROOT_CLASS = YES_ERROR;
				CLANG_WARN_QUOTED_INCLUDE_IN_FRAMEWORK_HEADER = YES;
				CLANG_WARN_RANGE_LOOP_ANALYSIS = YES;
				CLANG_WARN_STRICT_PROTOTYPES = YES;
				CLANG_WARN_SUSPICIOUS_MOVE = YES;
				CLANG_WARN_UNGUARDED_AVAILABILITY = YES_AGGRESSIVE;
				CLANG_WARN_UNREACHABLE_CODE = YES;
				CLANG_WARN__DUPLICATE_METHOD_MATCH = YES;
				COPY_PHASE_STRIP = NO;
				DEBUG_INFORMATION_FORMAT = dwarf;
				ENABLE_STRICT_OBJC_MSGSEND = YES;
				ENABLE_TESTABILITY = YES;
				GCC_C_LANGUAGE_STANDARD = gnu11;
				GCC_DYNAMIC_NO_PIC = NO;
				GCC_NO_COMMON_BLOCKS = YES;
				GCC_OPTIMIZATION_LEVEL = 0;
				GCC_PREPROCESSOR_DEFINITIONS = (
					"DEBUG=1",
					"$(inherited)",
				);
				GCC_WARN_64_TO_32_BIT_CONVERSION = YES;
				GCC_WARN_ABOUT_RETURN_TYPE = YES_ERROR;
				GCC_WARN_UNDECLARED_SELECTOR = YES;
				GCC_WARN_UNINITIALIZED_AUTOS = YES_AGGRESSIVE;
				GCC_WARN_UNUSED_FUNCTION = YES;
				GCC_WARN_UNUSED_VARIABLE = YES;
				MTL_ENABLE_DEBUG_INFO = INCLUDE_SOURCE;
				MTL_FAST_MATH = YES;
				ONLY_ACTIVE_ARCH = YES;
				SWIFT_ACTIVE_COMPILATION_CONDITIONS = DEBUG;
				SWIFT_OPTIMIZATION_LEVEL = "-Onone";
			};
			name = Debug;
		};
		DD989D452ADAFD4B00B395DC /* Release */ = {
			isa = XCBuildConfiguration;
			buildSettings = {
				ALWAYS_SEARCH_USER_PATHS = NO;
				CLANG_ANALYZER_NONNULL = YES;
				CLANG_ANALYZER_NUMBER_OBJECT_CONVERSION = YES_AGGRESSIVE;
				CLANG_CXX_LANGUAGE_STANDARD = "gnu++20";
				CLANG_ENABLE_MODULES = YES;
				CLANG_ENABLE_OBJC_ARC = YES;
				CLANG_ENABLE_OBJC_WEAK = YES;
				CLANG_WARN_BLOCK_CAPTURE_AUTORELEASING = YES;
				CLANG_WARN_BOOL_CONVERSION = YES;
				CLANG_WARN_COMMA = YES;
				CLANG_WARN_CONSTANT_CONVERSION = YES;
				CLANG_WARN_DEPRECATED_OBJC_IMPLEMENTATIONS = YES;
				CLANG_WARN_DIRECT_OBJC_ISA_USAGE = YES_ERROR;
				CLANG_WARN_DOCUMENTATION_COMMENTS = YES;
				CLANG_WARN_EMPTY_BODY = YES;
				CLANG_WARN_ENUM_CONVERSION = YES;
				CLANG_WARN_INFINITE_RECURSION = YES;
				CLANG_WARN_INT_CONVERSION = YES;
				CLANG_WARN_NON_LITERAL_NULL_CONVERSION = YES;
				CLANG_WARN_OBJC_IMPLICIT_RETAIN_SELF = YES;
				CLANG_WARN_OBJC_LITERAL_CONVERSION = YES;
				CLANG_WARN_OBJC_ROOT_CLASS = YES_ERROR;
				CLANG_WARN_QUOTED_INCLUDE_IN_FRAMEWORK_HEADER = YES;
				CLANG_WARN_RANGE_LOOP_ANALYSIS = YES;
				CLANG_WARN_STRICT_PROTOTYPES = YES;
				CLANG_WARN_SUSPICIOUS_MOVE = YES;
				CLANG_WARN_UNGUARDED_AVAILABILITY = YES_AGGRESSIVE;
				CLANG_WARN_UNREACHABLE_CODE = YES;
				CLANG_WARN__DUPLICATE_METHOD_MATCH = YES;
				COPY_PHASE_STRIP = NO;
				DEBUG_INFORMATION_FORMAT = "dwarf-with-dsym";
				ENABLE_NS_ASSERTIONS = NO;
				ENABLE_STRICT_OBJC_MSGSEND = YES;
				GCC_C_LANGUAGE_STANDARD = gnu11;
				GCC_NO_COMMON_BLOCKS = YES;
				GCC_WARN_64_TO_32_BIT_CONVERSION = YES;
				GCC_WARN_ABOUT_RETURN_TYPE = YES_ERROR;
				GCC_WARN_UNDECLARED_SELECTOR = YES;
				GCC_WARN_UNINITIALIZED_AUTOS = YES_AGGRESSIVE;
				GCC_WARN_UNUSED_FUNCTION = YES;
				GCC_WARN_UNUSED_VARIABLE = YES;
				MTL_ENABLE_DEBUG_INFO = NO;
				MTL_FAST_MATH = YES;
				SWIFT_COMPILATION_MODE = wholemodule;
				SWIFT_OPTIMIZATION_LEVEL = "-O";
			};
			name = Release;
		};
		DD989D472ADAFD4B00B395DC /* Debug */ = {
			isa = XCBuildConfiguration;
			buildSettings = {
				ASSETCATALOG_COMPILER_APPICON_NAME = AppIcon;
				ASSETCATALOG_COMPILER_GLOBAL_ACCENT_COLOR_NAME = AccentColor;
				CODE_SIGN_ENTITLEMENTS = Appetizers/Appetizers.entitlements;
				CODE_SIGN_STYLE = Automatic;
				CURRENT_PROJECT_VERSION = 1;
				DEVELOPMENT_ASSET_PATHS = "\"Appetizers/Preview Content\"";
				ENABLE_PREVIEWS = YES;
				GENERATE_INFOPLIST_FILE = YES;
				"INFOPLIST_KEY_UIApplicationSceneManifest_Generation[sdk=iphoneos*]" = YES;
				"INFOPLIST_KEY_UIApplicationSceneManifest_Generation[sdk=iphonesimulator*]" = YES;
				"INFOPLIST_KEY_UIApplicationSupportsIndirectInputEvents[sdk=iphoneos*]" = YES;
				"INFOPLIST_KEY_UIApplicationSupportsIndirectInputEvents[sdk=iphonesimulator*]" = YES;
				"INFOPLIST_KEY_UILaunchScreen_Generation[sdk=iphoneos*]" = YES;
				"INFOPLIST_KEY_UILaunchScreen_Generation[sdk=iphonesimulator*]" = YES;
				"INFOPLIST_KEY_UIStatusBarStyle[sdk=iphoneos*]" = UIStatusBarStyleDefault;
				"INFOPLIST_KEY_UIStatusBarStyle[sdk=iphonesimulator*]" = UIStatusBarStyleDefault;
				INFOPLIST_KEY_UISupportedInterfaceOrientations_iPad = "UIInterfaceOrientationPortrait UIInterfaceOrientationPortraitUpsideDown UIInterfaceOrientationLandscapeLeft UIInterfaceOrientationLandscapeRight";
				INFOPLIST_KEY_UISupportedInterfaceOrientations_iPhone = "UIInterfaceOrientationPortrait UIInterfaceOrientationLandscapeLeft UIInterfaceOrientationLandscapeRight";
				IPHONEOS_DEPLOYMENT_TARGET = 16.4;
				LD_RUNPATH_SEARCH_PATHS = "@executable_path/Frameworks";
				"LD_RUNPATH_SEARCH_PATHS[sdk=macosx*]" = "@executable_path/../Frameworks";
				MACOSX_DEPLOYMENT_TARGET = 13.0;
				MARKETING_VERSION = 1.0;
				PRODUCT_BUNDLE_IDENTIFIER = com.elianabean.Appetizers;
				PRODUCT_NAME = "$(TARGET_NAME)";
				SDKROOT = auto;
				SUPPORTED_PLATFORMS = "iphoneos iphonesimulator macosx";
				SWIFT_EMIT_LOC_STRINGS = YES;
				SWIFT_VERSION = 5.0;
				TARGETED_DEVICE_FAMILY = "1,2";
			};
			name = Debug;
		};
		DD989D482ADAFD4B00B395DC /* Release */ = {
			isa = XCBuildConfiguration;
			buildSettings = {
				ASSETCATALOG_COMPILER_APPICON_NAME = AppIcon;
				ASSETCATALOG_COMPILER_GLOBAL_ACCENT_COLOR_NAME = AccentColor;
				CODE_SIGN_ENTITLEMENTS = Appetizers/Appetizers.entitlements;
				CODE_SIGN_STYLE = Automatic;
				CURRENT_PROJECT_VERSION = 1;
				DEVELOPMENT_ASSET_PATHS = "\"Appetizers/Preview Content\"";
				ENABLE_PREVIEWS = YES;
				GENERATE_INFOPLIST_FILE = YES;
				"INFOPLIST_KEY_UIApplicationSceneManifest_Generation[sdk=iphoneos*]" = YES;
				"INFOPLIST_KEY_UIApplicationSceneManifest_Generation[sdk=iphonesimulator*]" = YES;
				"INFOPLIST_KEY_UIApplicationSupportsIndirectInputEvents[sdk=iphoneos*]" = YES;
				"INFOPLIST_KEY_UIApplicationSupportsIndirectInputEvents[sdk=iphonesimulator*]" = YES;
				"INFOPLIST_KEY_UILaunchScreen_Generation[sdk=iphoneos*]" = YES;
				"INFOPLIST_KEY_UILaunchScreen_Generation[sdk=iphonesimulator*]" = YES;
				"INFOPLIST_KEY_UIStatusBarStyle[sdk=iphoneos*]" = UIStatusBarStyleDefault;
				"INFOPLIST_KEY_UIStatusBarStyle[sdk=iphonesimulator*]" = UIStatusBarStyleDefault;
				INFOPLIST_KEY_UISupportedInterfaceOrientations_iPad = "UIInterfaceOrientationPortrait UIInterfaceOrientationPortraitUpsideDown UIInterfaceOrientationLandscapeLeft UIInterfaceOrientationLandscapeRight";
				INFOPLIST_KEY_UISupportedInterfaceOrientations_iPhone = "UIInterfaceOrientationPortrait UIInterfaceOrientationLandscapeLeft UIInterfaceOrientationLandscapeRight";
				IPHONEOS_DEPLOYMENT_TARGET = 16.4;
				LD_RUNPATH_SEARCH_PATHS = "@executable_path/Frameworks";
				"LD_RUNPATH_SEARCH_PATHS[sdk=macosx*]" = "@executable_path/../Frameworks";
				MACOSX_DEPLOYMENT_TARGET = 13.0;
				MARKETING_VERSION = 1.0;
				PRODUCT_BUNDLE_IDENTIFIER = com.elianabean.Appetizers;
				PRODUCT_NAME = "$(TARGET_NAME)";
				SDKROOT = auto;
				SUPPORTED_PLATFORMS = "iphoneos iphonesimulator macosx";
				SWIFT_EMIT_LOC_STRINGS = YES;
				SWIFT_VERSION = 5.0;
				TARGETED_DEVICE_FAMILY = "1,2";
			};
			name = Release;
		};
		DD989D4A2ADAFD4B00B395DC /* Debug */ = {
			isa = XCBuildConfiguration;
			buildSettings = {
				ALWAYS_EMBED_SWIFT_STANDARD_LIBRARIES = YES;
				BUNDLE_LOADER = "$(TEST_HOST)";
				CODE_SIGN_STYLE = Automatic;
				CURRENT_PROJECT_VERSION = 1;
				GENERATE_INFOPLIST_FILE = YES;
				IPHONEOS_DEPLOYMENT_TARGET = 16.4;
				MACOSX_DEPLOYMENT_TARGET = 13.0;
				MARKETING_VERSION = 1.0;
				PRODUCT_BUNDLE_IDENTIFIER = com.elianabean.AppetizersTests;
				PRODUCT_NAME = "$(TARGET_NAME)";
				SDKROOT = auto;
				SUPPORTED_PLATFORMS = "iphoneos iphonesimulator macosx";
				SWIFT_EMIT_LOC_STRINGS = NO;
				SWIFT_VERSION = 5.0;
				TARGETED_DEVICE_FAMILY = "1,2";
				TEST_HOST = "$(BUILT_PRODUCTS_DIR)/Appetizers.app/$(BUNDLE_EXECUTABLE_FOLDER_PATH)/Appetizers";
			};
			name = Debug;
		};
		DD989D4B2ADAFD4B00B395DC /* Release */ = {
			isa = XCBuildConfiguration;
			buildSettings = {
				ALWAYS_EMBED_SWIFT_STANDARD_LIBRARIES = YES;
				BUNDLE_LOADER = "$(TEST_HOST)";
				CODE_SIGN_STYLE = Automatic;
				CURRENT_PROJECT_VERSION = 1;
				GENERATE_INFOPLIST_FILE = YES;
				IPHONEOS_DEPLOYMENT_TARGET = 16.4;
				MACOSX_DEPLOYMENT_TARGET = 13.0;
				MARKETING_VERSION = 1.0;
				PRODUCT_BUNDLE_IDENTIFIER = com.elianabean.AppetizersTests;
				PRODUCT_NAME = "$(TARGET_NAME)";
				SDKROOT = auto;
				SUPPORTED_PLATFORMS = "iphoneos iphonesimulator macosx";
				SWIFT_EMIT_LOC_STRINGS = NO;
				SWIFT_VERSION = 5.0;
				TARGETED_DEVICE_FAMILY = "1,2";
				TEST_HOST = "$(BUILT_PRODUCTS_DIR)/Appetizers.app/$(BUNDLE_EXECUTABLE_FOLDER_PATH)/Appetizers";
			};
			name = Release;
		};
		DD989D4D2ADAFD4B00B395DC /* Debug */ = {
			isa = XCBuildConfiguration;
			buildSettings = {
				ALWAYS_EMBED_SWIFT_STANDARD_LIBRARIES = YES;
				CODE_SIGN_STYLE = Automatic;
				CURRENT_PROJECT_VERSION = 1;
				GENERATE_INFOPLIST_FILE = YES;
				IPHONEOS_DEPLOYMENT_TARGET = 16.4;
				MACOSX_DEPLOYMENT_TARGET = 13.0;
				MARKETING_VERSION = 1.0;
				PRODUCT_BUNDLE_IDENTIFIER = com.elianabean.AppetizersUITests;
				PRODUCT_NAME = "$(TARGET_NAME)";
				SDKROOT = auto;
				SUPPORTED_PLATFORMS = "iphoneos iphonesimulator macosx";
				SWIFT_EMIT_LOC_STRINGS = NO;
				SWIFT_VERSION = 5.0;
				TARGETED_DEVICE_FAMILY = "1,2";
				TEST_TARGET_NAME = Appetizers;
			};
			name = Debug;
		};
		DD989D4E2ADAFD4B00B395DC /* Release */ = {
			isa = XCBuildConfiguration;
			buildSettings = {
				ALWAYS_EMBED_SWIFT_STANDARD_LIBRARIES = YES;
				CODE_SIGN_STYLE = Automatic;
				CURRENT_PROJECT_VERSION = 1;
				GENERATE_INFOPLIST_FILE = YES;
				IPHONEOS_DEPLOYMENT_TARGET = 16.4;
				MACOSX_DEPLOYMENT_TARGET = 13.0;
				MARKETING_VERSION = 1.0;
				PRODUCT_BUNDLE_IDENTIFIER = com.elianabean.AppetizersUITests;
				PRODUCT_NAME = "$(TARGET_NAME)";
				SDKROOT = auto;
				SUPPORTED_PLATFORMS = "iphoneos iphonesimulator macosx";
				SWIFT_EMIT_LOC_STRINGS = NO;
				SWIFT_VERSION = 5.0;
				TARGETED_DEVICE_FAMILY = "1,2";
				TEST_TARGET_NAME = Appetizers;
			};
			name = Release;
		};
/* End XCBuildConfiguration section */

/* Begin XCConfigurationList section */
		DD989D1C2ADAFD4800B395DC /* Build configuration list for PBXProject "Appetizers" */ = {
			isa = XCConfigurationList;
			buildConfigurations = (
				DD989D442ADAFD4B00B395DC /* Debug */,
				DD989D452ADAFD4B00B395DC /* Release */,
			);
			defaultConfigurationIsVisible = 0;
			defaultConfigurationName = Release;
		};
		DD989D462ADAFD4B00B395DC /* Build configuration list for PBXNativeTarget "Appetizers" */ = {
			isa = XCConfigurationList;
			buildConfigurations = (
				DD989D472ADAFD4B00B395DC /* Debug */,
				DD989D482ADAFD4B00B395DC /* Release */,
			);
			defaultConfigurationIsVisible = 0;
			defaultConfigurationName = Release;
		};
		DD989D492ADAFD4B00B395DC /* Build configuration list for PBXNativeTarget "AppetizersTests" */ = {
			isa = XCConfigurationList;
			buildConfigurations = (
				DD989D4A2ADAFD4B00B395DC /* Debug */,
				DD989D4B2ADAFD4B00B395DC /* Release */,
			);
			defaultConfigurationIsVisible = 0;
			defaultConfigurationName = Release;
		};
		DD989D4C2ADAFD4B00B395DC /* Build configuration list for PBXNativeTarget "AppetizersUITests" */ = {
			isa = XCConfigurationList;
			buildConfigurations = (
				DD989D4D2ADAFD4B00B395DC /* Debug */,
				DD989D4E2ADAFD4B00B395DC /* Release */,
			);
			defaultConfigurationIsVisible = 0;
			defaultConfigurationName = Release;
		};
/* End XCConfigurationList section */
	};
	rootObject = DD989D192ADAFD4800B395DC /* Project object */;
}
